// !$*UTF8*$!
{
	archiveVersion = 1;
	classes = {
	};
	objectVersion = 56;
	objects = {

		300E0AC2E26928233E0E6A72 /* StreamingAudioPlayer.swift in Sources */ = {isa = PBXBuildFile; fileRef = 1B725D2677A2E3BB94AB297E /* StreamingAudioPlayer.swift */; };
/* End PBXBuildFile section */

/* Begin PBXContainerItemProxy section */
		F00000D0001 /* PBXContainerItemProxy */ = {
			isa = PBXContainerItemProxy;
			containerPortal = F00000P0000 /* Project object */;
			proxyType = 1;
			remoteGlobalIDString = F00000T0000;
			remoteInfo = Fluency;
		};
/* End PBXContainerItemProxy section */
		CD65DAD7A368BE2BA44813FD /* MainAppView.swift in Sources */ = {isa = PBXBuildFile; fileRef = 27FC6743F37560A22EC1C974 /* MainAppView.swift */; };
		F0000001001 /* FluencyApp.swift in Sources */ = {isa = PBXBuildFile; fileRef = F0000001000 /* FluencyApp.swift */; };
		F0000002001 /* Transcription.swift in Sources */ = {isa = PBXBuildFile; fileRef = F0000002000 /* Transcription.swift */; };
		F0000003001 /* AudioRecorder.swift in Sources */ = {isa = PBXBuildFile; fileRef = F0000003000 /* AudioRecorder.swift */; };
		F0000004001 /* HotkeyService.swift in Sources */ = {isa = PBXBuildFile; fileRef = F0000004000 /* HotkeyService.swift */; };
		F0000005001 /* TranscriptionService.swift in Sources */ = {isa = PBXBuildFile; fileRef = F0000005000 /* TranscriptionService.swift */; };
		F0000006001 /* PasteService.swift in Sources */ = {isa = PBXBuildFile; fileRef = F0000006000 /* PasteService.swift */; };
		F0000007001 /* MenuBarView.swift in Sources */ = {isa = PBXBuildFile; fileRef = F0000007000 /* MenuBarView.swift */; };
		F0000008001 /* RecordingOverlay.swift in Sources */ = {isa = PBXBuildFile; fileRef = F0000008000 /* RecordingOverlay.swift */; };
		F0000009001 /* HistoryView.swift in Sources */ = {isa = PBXBuildFile; fileRef = F0000009000 /* HistoryView.swift */; };
		F000000A001 /* SettingsView.swift in Sources */ = {isa = PBXBuildFile; fileRef = F000000A000 /* SettingsView.swift */; };
		F000000D001 /* AudioFeedbackService.swift in Sources */ = {isa = PBXBuildFile; fileRef = F000000D000 /* AudioFeedbackService.swift */; };
		F000000E001 /* StatsService.swift in Sources */ = {isa = PBXBuildFile; fileRef = F000000E000 /* StatsService.swift */; };
		F000000F001 /* StatsView.swift in Sources */ = {isa = PBXBuildFile; fileRef = F000000F000 /* StatsView.swift */; };
		F0000010001 /* TTSService.swift in Sources */ = {isa = PBXBuildFile; fileRef = F0000010000 /* TTSService.swift */; };
		F0000011001 /* TextCaptureService.swift in Sources */ = {isa = PBXBuildFile; fileRef = F0000011000 /* TextCaptureService.swift */; };
		F0000012001 /* SpeakingOverlay.swift in Sources */ = {isa = PBXBuildFile; fileRef = F0000012000 /* SpeakingOverlay.swift */; };
		F0000013001 /* GroqService.swift in Sources */ = {isa = PBXBuildFile; fileRef = F0000013000 /* GroqService.swift */; };
		F0000014001 /* SyncService.swift in Sources */ = {isa = PBXBuildFile; fileRef = F0000014000 /* SyncService.swift */; };
		F0000015001 /* TranscriptionsDetailView.swift in Sources */ = {isa = PBXBuildFile; fileRef = F0000015000 /* TranscriptionsDetailView.swift */; };
		F0000016001 /* WordsDetailView.swift in Sources */ = {isa = PBXBuildFile; fileRef = F0000016000 /* WordsDetailView.swift */; };
		F0000017001 /* ThemeManager.swift in Sources */ = {isa = PBXBuildFile; fileRef = F0000017000 /* ThemeManager.swift */; };
		F0000019001 /* ThemeManagerTests.swift in Sources */ = {isa = PBXBuildFile; fileRef = F0000019000 /* ThemeManagerTests.swift */; };
		F246672EF5A903D8044CE885 /* Assets.xcassets in Resources */ = {isa = PBXBuildFile; fileRef = 17D3AA5D14AD3D86938C5AE9 /* Assets.xcassets */; };
/* End PBXBuildFile section */

/* Begin PBXFileReference section */
		17D3AA5D14AD3D86938C5AE9 /* Assets.xcassets */ = {isa = PBXFileReference; includeInIndex = 1; lastKnownFileType = folder.assetcatalog; name = Assets.xcassets; path = Assets.xcassets; sourceTree = "<group>"; };
		1B725D2677A2E3BB94AB297E /* StreamingAudioPlayer.swift */ = {isa = PBXFileReference; includeInIndex = 1; lastKnownFileType = sourcecode.swift; path = StreamingAudioPlayer.swift; sourceTree = "<group>"; };
		27FC6743F37560A22EC1C974 /* MainAppView.swift */ = {isa = PBXFileReference; includeInIndex = 1; lastKnownFileType = sourcecode.swift; name = MainAppView.swift; path = MainAppView.swift; sourceTree = "<group>"; };
		F0000000000 /* Fluency.app */ = {isa = PBXFileReference; explicitFileType = wrapper.application; includeInIndex = 0; path = Fluency.app; sourceTree = BUILT_PRODUCTS_DIR; };
		F0000018000 /* FluencyTests.xctest */ = {isa = PBXFileReference; explicitFileType = wrapper.cfbundle; includeInIndex = 0; path = FluencyTests.xctest; sourceTree = BUILT_PRODUCTS_DIR; };
		F0000001000 /* FluencyApp.swift */ = {isa = PBXFileReference; lastKnownFileType = sourcecode.swift; path = FluencyApp.swift; sourceTree = "<group>"; };
		F0000002000 /* Transcription.swift */ = {isa = PBXFileReference; lastKnownFileType = sourcecode.swift; path = Transcription.swift; sourceTree = "<group>"; };
		F0000003000 /* AudioRecorder.swift */ = {isa = PBXFileReference; lastKnownFileType = sourcecode.swift; path = AudioRecorder.swift; sourceTree = "<group>"; };
		F0000004000 /* HotkeyService.swift */ = {isa = PBXFileReference; lastKnownFileType = sourcecode.swift; path = HotkeyService.swift; sourceTree = "<group>"; };
		F0000005000 /* TranscriptionService.swift */ = {isa = PBXFileReference; lastKnownFileType = sourcecode.swift; path = TranscriptionService.swift; sourceTree = "<group>"; };
		F0000006000 /* PasteService.swift */ = {isa = PBXFileReference; lastKnownFileType = sourcecode.swift; path = PasteService.swift; sourceTree = "<group>"; };
		F0000007000 /* MenuBarView.swift */ = {isa = PBXFileReference; lastKnownFileType = sourcecode.swift; path = MenuBarView.swift; sourceTree = "<group>"; };
		F0000008000 /* RecordingOverlay.swift */ = {isa = PBXFileReference; lastKnownFileType = sourcecode.swift; path = RecordingOverlay.swift; sourceTree = "<group>"; };
		F0000009000 /* HistoryView.swift */ = {isa = PBXFileReference; lastKnownFileType = sourcecode.swift; path = HistoryView.swift; sourceTree = "<group>"; };
		F000000A000 /* SettingsView.swift */ = {isa = PBXFileReference; lastKnownFileType = sourcecode.swift; path = SettingsView.swift; sourceTree = "<group>"; };
		F000000B000 /* Info.plist */ = {isa = PBXFileReference; lastKnownFileType = text.plist.xml; path = Info.plist; sourceTree = "<group>"; };
		F000000C000 /* Fluency.entitlements */ = {isa = PBXFileReference; lastKnownFileType = text.plist.entitlements; path = Fluency.entitlements; sourceTree = "<group>"; };
		F000000D000 /* AudioFeedbackService.swift */ = {isa = PBXFileReference; lastKnownFileType = sourcecode.swift; path = AudioFeedbackService.swift; sourceTree = "<group>"; };
		F000000E000 /* StatsService.swift */ = {isa = PBXFileReference; lastKnownFileType = sourcecode.swift; path = StatsService.swift; sourceTree = "<group>"; };
		F000000F000 /* StatsView.swift */ = {isa = PBXFileReference; lastKnownFileType = sourcecode.swift; path = StatsView.swift; sourceTree = "<group>"; };
		F0000010000 /* TTSService.swift */ = {isa = PBXFileReference; lastKnownFileType = sourcecode.swift; path = TTSService.swift; sourceTree = "<group>"; };
		F0000011000 /* TextCaptureService.swift */ = {isa = PBXFileReference; lastKnownFileType = sourcecode.swift; path = TextCaptureService.swift; sourceTree = "<group>"; };
		F0000012000 /* SpeakingOverlay.swift */ = {isa = PBXFileReference; lastKnownFileType = sourcecode.swift; path = SpeakingOverlay.swift; sourceTree = "<group>"; };
		F0000013000 /* GroqService.swift */ = {isa = PBXFileReference; lastKnownFileType = sourcecode.swift; path = GroqService.swift; sourceTree = "<group>"; };
		F0000014000 /* SyncService.swift */ = {isa = PBXFileReference; lastKnownFileType = sourcecode.swift; path = SyncService.swift; sourceTree = "<group>"; };
		F0000015000 /* TranscriptionsDetailView.swift */ = {isa = PBXFileReference; lastKnownFileType = sourcecode.swift; path = TranscriptionsDetailView.swift; sourceTree = "<group>"; };
		F0000016000 /* WordsDetailView.swift */ = {isa = PBXFileReference; lastKnownFileType = sourcecode.swift; path = WordsDetailView.swift; sourceTree = "<group>"; };
		F0000017000 /* ThemeManager.swift */ = {isa = PBXFileReference; lastKnownFileType = sourcecode.swift; path = ThemeManager.swift; sourceTree = "<group>"; };
		F0000019000 /* ThemeManagerTests.swift */ = {isa = PBXFileReference; lastKnownFileType = sourcecode.swift; path = ThemeManagerTests.swift; sourceTree = "<group>"; };
/* End PBXFileReference section */

/* Begin PBXFrameworksBuildPhase section */
		F00000F0000 /* Frameworks */ = {
			isa = PBXFrameworksBuildPhase;
			buildActionMask = 2147483647;
			files = (
			);
			runOnlyForDeploymentPostprocessing = 0;
		};
		F00000F1000 /* Frameworks */ = {
			isa = PBXFrameworksBuildPhase;
			buildActionMask = 2147483647;
			files = (
			);
			runOnlyForDeploymentPostprocessing = 0;
		};
/* End PBXFrameworksBuildPhase section */

/* Begin PBXGroup section */
		F00000G0000 = {
			isa = PBXGroup;
			children = (
				F00000G1000 /* Fluency */,
				F00000G7000 /* FluencyTests */,
				F00000G2000 /* Products */,
			);
			sourceTree = "<group>";
		};
		F00000G1000 /* Fluency */ = {
			isa = PBXGroup;
			children = (
				F0000001000 /* FluencyApp.swift */,
				F000000C000 /* Fluency.entitlements */,
				F00000G3000 /* Models */,
				F00000G4000 /* Services */,
				F00000G5000 /* Views */,
				F00000G6000 /* Resources */,
			);
			path = Fluency;
			sourceTree = "<group>";
		};
		F00000G2000 /* Products */ = {
			isa = PBXGroup;
			children = (
				F0000000000 /* Fluency.app */,
				F0000018000 /* FluencyTests.xctest */,
			);
			name = Products;
			sourceTree = "<group>";
		};
		F00000G3000 /* Models */ = {
			isa = PBXGroup;
			children = (
				F0000002000 /* Transcription.swift */,
			);
			path = Models;
			sourceTree = "<group>";
		};
		F00000G4000 /* Services */ = {
			isa = PBXGroup;
			children = (
				F0000003000 /* AudioRecorder.swift */,
				F0000004000 /* HotkeyService.swift */,
				F0000005000 /* TranscriptionService.swift */,
				F0000006000 /* PasteService.swift */,
				F000000D000 /* AudioFeedbackService.swift */,
				F000000E000 /* StatsService.swift */,
				F0000010000 /* TTSService.swift */,
				F0000013000 /* GroqService.swift */,
				F0000014000 /* SyncService.swift */,
				F0000011000 /* TextCaptureService.swift */,
				F0000017000 /* ThemeManager.swift */,
				1B725D2677A2E3BB94AB297E /* StreamingAudioPlayer.swift */,
			);
			path = Services;
			sourceTree = "<group>";
		};
		F00000G5000 /* Views */ = {
			isa = PBXGroup;
			children = (
				F0000007000 /* MenuBarView.swift */,
				F0000008000 /* RecordingOverlay.swift */,
				F0000009000 /* HistoryView.swift */,
				F000000A000 /* SettingsView.swift */,
				F000000F000 /* StatsView.swift */,
				F0000012000 /* SpeakingOverlay.swift */,
				F0000015000 /* TranscriptionsDetailView.swift */,
				F0000016000 /* WordsDetailView.swift */,
				27FC6743F37560A22EC1C974 /* MainAppView.swift */,
			);
			path = Views;
			sourceTree = "<group>";
		};
		F00000G7000 /* FluencyTests */ = {
			isa = PBXGroup;
			children = (
				F0000019000 /* ThemeManagerTests.swift */,
			);
			path = FluencyTests;
			sourceTree = "<group>";
		};
		F00000G6000 /* Resources */ = {
			isa = PBXGroup;
			children = (
				F000000B000 /* Info.plist */,
				17D3AA5D14AD3D86938C5AE9 /* Assets.xcassets */,
			);
			path = Resources;
			sourceTree = "<group>";
		};
/* End PBXGroup section */

/* Begin PBXNativeTarget section */
		F00000T0000 /* Fluency */ = {
			isa = PBXNativeTarget;
			buildConfigurationList = F00000C1000 /* Build configuration list for PBXNativeTarget "Fluency" */;
			buildPhases = (
				F00000S0000 /* Sources */,
				F00000F0000 /* Frameworks */,
				F00000R0000 /* Resources */,
			);
			buildRules = (
			);
			dependencies = (
			);
			name = Fluency;
			productName = Fluency;
			productReference = F0000000000 /* Fluency.app */;
			productType = "com.apple.product-type.application";
		};
		F00000T1000 /* FluencyTests */ = {
			isa = PBXNativeTarget;
			buildConfigurationList = F00000C2000 /* Build configuration list for PBXNativeTarget "FluencyTests" */;
			buildPhases = (
				F00000S1000 /* Sources */,
				F00000F1000 /* Frameworks */,
				F00000R1000 /* Resources */,
			);
			buildRules = (
			);
			dependencies = (
				F00000D0000 /* PBXTargetDependency */,
			);
			name = FluencyTests;
			productName = FluencyTests;
			productReference = F0000018000 /* FluencyTests.xctest */;
			productType = "com.apple.product-type.bundle.unit-test";
		};
/* End PBXNativeTarget section */

/* Begin PBXProject section */
		F00000P0000 /* Project object */ = {
			isa = PBXProject;
			attributes = {
				BuildIndependentTargetsInParallel = 1;
				LastSwiftUpdateCheck = 1500;
				LastUpgradeCheck = 1500;
				TargetAttributes = {
					F00000T0000 = {
						CreatedOnToolsVersion = 15.0;
					};
				};
			};
			buildConfigurationList = F00000C0000 /* Build configuration list for PBXProject "Fluency" */;
			compatibilityVersion = "Xcode 14.0";
			developmentRegion = en;
			hasScannedForEncodings = 0;
			knownRegions = (
				en,
				Base,
			);
			mainGroup = F00000G0000;
			productRefGroup = F00000G2000 /* Products */;
			projectDirPath = "";
			projectRoot = "";
			targets = (
				F00000T0000 /* Fluency */,
				F00000T1000 /* FluencyTests */,
			);
		};
/* End PBXProject section */

/* Begin PBXTargetDependency section */
		F00000D0000 /* PBXTargetDependency */ = {
			isa = PBXTargetDependency;
			target = F00000T0000 /* Fluency */;
			targetProxy = F00000D0001 /* PBXContainerItemProxy */;
		};
/* End PBXTargetDependency section */

/* Begin PBXResourcesBuildPhase section */
		F00000R0000 /* Resources */ = {
			isa = PBXResourcesBuildPhase;
			buildActionMask = 2147483647;
			files = (
				F246672EF5A903D8044CE885 /* Assets.xcassets in Resources */,
			);
			runOnlyForDeploymentPostprocessing = 0;
		};
		F00000R1000 /* Resources */ = {
			isa = PBXResourcesBuildPhase;
			buildActionMask = 2147483647;
			files = (
			);
			runOnlyForDeploymentPostprocessing = 0;
		};
/* End PBXResourcesBuildPhase section */

/* Begin PBXSourcesBuildPhase section */
		F00000S0000 /* Sources */ = {
			isa = PBXSourcesBuildPhase;
			buildActionMask = 2147483647;
			files = (
				F0000001001 /* FluencyApp.swift in Sources */,
				F0000002001 /* Transcription.swift in Sources */,
				F0000003001 /* AudioRecorder.swift in Sources */,
				F0000004001 /* HotkeyService.swift in Sources */,
				F0000005001 /* TranscriptionService.swift in Sources */,
				F0000006001 /* PasteService.swift in Sources */,
				F0000007001 /* MenuBarView.swift in Sources */,
				F0000008001 /* RecordingOverlay.swift in Sources */,
				F0000009001 /* HistoryView.swift in Sources */,
				F000000A001 /* SettingsView.swift in Sources */,
				F000000D001 /* AudioFeedbackService.swift in Sources */,
				F000000E001 /* StatsService.swift in Sources */,
				F000000F001 /* StatsView.swift in Sources */,
				F0000010001 /* TTSService.swift in Sources */,
				F0000011001 /* TextCaptureService.swift in Sources */,
				F0000013001 /* GroqService.swift in Sources */,
				F0000014001 /* SyncService.swift in Sources */,
				F0000012001 /* SpeakingOverlay.swift in Sources */,
				F0000015001 /* TranscriptionsDetailView.swift in Sources */,
				F0000016001 /* WordsDetailView.swift in Sources */,
				CD65DAD7A368BE2BA44813FD /* MainAppView.swift in Sources */,
				300E0AC2E26928233E0E6A72 /* StreamingAudioPlayer.swift in Sources */,
				F0000017001 /* ThemeManager.swift in Sources */,
			);
			runOnlyForDeploymentPostprocessing = 0;
		};
		F00000S1000 /* Sources */ = {
			isa = PBXSourcesBuildPhase;
			buildActionMask = 2147483647;
			files = (
				F0000019001 /* ThemeManagerTests.swift in Sources */,
			);
			runOnlyForDeploymentPostprocessing = 0;
		};
/* End PBXSourcesBuildPhase section */

/* Begin XCBuildConfiguration section */
		F00000B1000 /* Debug */ = {
			isa = XCBuildConfiguration;
			buildSettings = {
				ALWAYS_SEARCH_USER_PATHS = NO;
				ASSETCATALOG_COMPILER_GENERATE_SWIFT_ASSET_SYMBOL_EXTENSIONS = YES;
				CLANG_ANALYZER_NONNULL = YES;
				CLANG_ANALYZER_NUMBER_OBJECT_CONVERSION = YES_AGGRESSIVE;
				CLANG_CXX_LANGUAGE_STANDARD = "gnu++20";
				CLANG_ENABLE_MODULES = YES;
				CLANG_ENABLE_OBJC_ARC = YES;
				CLANG_ENABLE_OBJC_WEAK = YES;
				CLANG_WARN_BLOCK_CAPTURE_AUTORELEASING = YES;
				CLANG_WARN_BOOL_CONVERSION = YES;
				CLANG_WARN_COMMA = YES;
				CLANG_WARN_CONSTANT_CONVERSION = YES;
				CLANG_WARN_DEPRECATED_OBJC_IMPLEMENTATIONS = YES;
				CLANG_WARN_DIRECT_OBJC_ISA_USAGE = YES_ERROR;
				CLANG_WARN_DOCUMENTATION_COMMENTS = YES;
				CLANG_WARN_EMPTY_BODY = YES;
				CLANG_WARN_ENUM_CONVERSION = YES;
				CLANG_WARN_INFINITE_RECURSION = YES;
				CLANG_WARN_INT_CONVERSION = YES;
				CLANG_WARN_NON_LITERAL_NULL_CONVERSION = YES;
				CLANG_WARN_OBJC_IMPLICIT_RETAIN_SELF = YES;
				CLANG_WARN_OBJC_LITERAL_CONVERSION = YES;
				CLANG_WARN_OBJC_ROOT_CLASS = YES_ERROR;
				CLANG_WARN_QUOTED_INCLUDE_IN_FRAMEWORK_HEADER = YES;
				CLANG_WARN_RANGE_LOOP_ANALYSIS = YES;
				CLANG_WARN_STRICT_PROTOTYPES = YES;
				CLANG_WARN_SUSPICIOUS_MOVE = YES;
				CLANG_WARN_UNGUARDED_AVAILABILITY = YES_AGGRESSIVE;
				CLANG_WARN_UNREACHABLE_CODE = YES;
				CLANG_WARN__DUPLICATE_METHOD_MATCH = YES;
				COPY_PHASE_STRIP = NO;
				DEBUG_INFORMATION_FORMAT = dwarf;
				ENABLE_STRICT_OBJC_MSGSEND = YES;
				ENABLE_TESTABILITY = YES;
				ENABLE_USER_SCRIPT_SANDBOXING = YES;
				GCC_C_LANGUAGE_STANDARD = gnu17;
				GCC_DYNAMIC_NO_PIC = NO;
				GCC_NO_COMMON_BLOCKS = YES;
				GCC_OPTIMIZATION_LEVEL = 0;
				GCC_PREPROCESSOR_DEFINITIONS = (
					"DEBUG=1",
					"$(inherited)",
				);
				GCC_WARN_64_TO_32_BIT_CONVERSION = YES;
				GCC_WARN_ABOUT_RETURN_TYPE = YES_ERROR;
				GCC_WARN_UNDECLARED_SELECTOR = YES;
				GCC_WARN_UNINITIALIZED_AUTOS = YES_AGGRESSIVE;
				GCC_WARN_UNUSED_FUNCTION = YES;
				GCC_WARN_UNUSED_VARIABLE = YES;
				LOCALIZATION_PREFERS_STRING_CATALOGS = YES;
				MACOSX_DEPLOYMENT_TARGET = 14.0;
				MTL_ENABLE_DEBUG_INFO = INCLUDE_SOURCE;
				MTL_FAST_MATH = YES;
				ONLY_ACTIVE_ARCH = YES;
				SDKROOT = macosx;
				SWIFT_ACTIVE_COMPILATION_CONDITIONS = "DEBUG $(inherited)";
				SWIFT_OPTIMIZATION_LEVEL = "-Onone";
			};
			name = Debug;
		};
		F00000B2000 /* Release */ = {
			isa = XCBuildConfiguration;
			buildSettings = {
				ALWAYS_SEARCH_USER_PATHS = NO;
				ASSETCATALOG_COMPILER_GENERATE_SWIFT_ASSET_SYMBOL_EXTENSIONS = YES;
				CLANG_ANALYZER_NONNULL = YES;
				CLANG_ANALYZER_NUMBER_OBJECT_CONVERSION = YES_AGGRESSIVE;
				CLANG_CXX_LANGUAGE_STANDARD = "gnu++20";
				CLANG_ENABLE_MODULES = YES;
				CLANG_ENABLE_OBJC_ARC = YES;
				CLANG_ENABLE_OBJC_WEAK = YES;
				CLANG_WARN_BLOCK_CAPTURE_AUTORELEASING = YES;
				CLANG_WARN_BOOL_CONVERSION = YES;
				CLANG_WARN_COMMA = YES;
				CLANG_WARN_CONSTANT_CONVERSION = YES;
				CLANG_WARN_DEPRECATED_OBJC_IMPLEMENTATIONS = YES;
				CLANG_WARN_DIRECT_OBJC_ISA_USAGE = YES_ERROR;
				CLANG_WARN_DOCUMENTATION_COMMENTS = YES;
				CLANG_WARN_EMPTY_BODY = YES;
				CLANG_WARN_ENUM_CONVERSION = YES;
				CLANG_WARN_INFINITE_RECURSION = YES;
				CLANG_WARN_INT_CONVERSION = YES;
				CLANG_WARN_NON_LITERAL_NULL_CONVERSION = YES;
				CLANG_WARN_OBJC_IMPLICIT_RETAIN_SELF = YES;
				CLANG_WARN_OBJC_LITERAL_CONVERSION = YES;
				CLANG_WARN_OBJC_ROOT_CLASS = YES_ERROR;
				CLANG_WARN_QUOTED_INCLUDE_IN_FRAMEWORK_HEADER = YES;
				CLANG_WARN_RANGE_LOOP_ANALYSIS = YES;
				CLANG_WARN_STRICT_PROTOTYPES = YES;
				CLANG_WARN_SUSPICIOUS_MOVE = YES;
				CLANG_WARN_UNGUARDED_AVAILABILITY = YES_AGGRESSIVE;
				CLANG_WARN_UNREACHABLE_CODE = YES;
				CLANG_WARN__DUPLICATE_METHOD_MATCH = YES;
				COPY_PHASE_STRIP = NO;
				DEBUG_INFORMATION_FORMAT = "dwarf-with-dsym";
				ENABLE_NS_ASSERTIONS = NO;
				ENABLE_STRICT_OBJC_MSGSEND = YES;
				ENABLE_USER_SCRIPT_SANDBOXING = YES;
				GCC_C_LANGUAGE_STANDARD = gnu17;
				GCC_NO_COMMON_BLOCKS = YES;
				GCC_WARN_64_TO_32_BIT_CONVERSION = YES;
				GCC_WARN_ABOUT_RETURN_TYPE = YES_ERROR;
				GCC_WARN_UNDECLARED_SELECTOR = YES;
				GCC_WARN_UNINITIALIZED_AUTOS = YES_AGGRESSIVE;
				GCC_WARN_UNUSED_FUNCTION = YES;
				GCC_WARN_UNUSED_VARIABLE = YES;
				LOCALIZATION_PREFERS_STRING_CATALOGS = YES;
				MACOSX_DEPLOYMENT_TARGET = 14.0;
				MTL_ENABLE_DEBUG_INFO = NO;
				MTL_FAST_MATH = YES;
				SDKROOT = macosx;
				SWIFT_COMPILATION_MODE = wholemodule;
			};
			name = Release;
		};
		F00000B3000 /* Debug */ = {
			isa = XCBuildConfiguration;
			buildSettings = {
				ASSETCATALOG_COMPILER_APPICON_NAME = AppIcon;
				ASSETCATALOG_COMPILER_GLOBAL_ACCENT_COLOR_NAME = AccentColor;
				AUTOMATION_APPLE_EVENTS = NO;
				CODE_SIGN_ENTITLEMENTS = Fluency/Fluency.entitlements;
				"CODE_SIGN_IDENTITY[sdk=macosx*]" = "Apple Development";
				CODE_SIGN_STYLE = Automatic;
				COMBINE_HIDPI_IMAGES = YES;
				CURRENT_PROJECT_VERSION = 1;
				DEVELOPMENT_TEAM = KQ837RL7AU;
				ENABLE_HARDENED_RUNTIME = YES;
				ENABLE_RESOURCE_ACCESS_AUDIO_INPUT = NO;
				ENABLE_RESOURCE_ACCESS_CALENDARS = NO;
				ENABLE_RESOURCE_ACCESS_CAMERA = NO;
				ENABLE_RESOURCE_ACCESS_CONTACTS = NO;
				ENABLE_RESOURCE_ACCESS_LOCATION = NO;
				ENABLE_RESOURCE_ACCESS_PHOTO_LIBRARY = NO;
				GENERATE_INFOPLIST_FILE = NO;
				INFOPLIST_FILE = Fluency/Resources/Info.plist;
				INFOPLIST_KEY_LSUIElement = YES;
				INFOPLIST_KEY_NSHumanReadableCopyright = "";
				INFOPLIST_KEY_NSMicrophoneUsageDescription = "Fluency needs microphone access to record your voice for transcription.";
				LD_RUNPATH_SEARCH_PATHS = (
					"$(inherited)",
					"@executable_path/../Frameworks",
				);
				MARKETING_VERSION = 1.0;
				PRODUCT_BUNDLE_IDENTIFIER = com.fluency.app;
				PRODUCT_NAME = "$(TARGET_NAME)";
				RUNTIME_EXCEPTION_ALLOW_DYLD_ENVIRONMENT_VARIABLES = NO;
				RUNTIME_EXCEPTION_ALLOW_JIT = YES;
				RUNTIME_EXCEPTION_ALLOW_UNSIGNED_EXECUTABLE_MEMORY = NO;
				RUNTIME_EXCEPTION_DEBUGGING_TOOL = NO;
				RUNTIME_EXCEPTION_DISABLE_EXECUTABLE_PAGE_PROTECTION = NO;
				RUNTIME_EXCEPTION_DISABLE_LIBRARY_VALIDATION = NO;
				SWIFT_EMIT_LOC_STRINGS = YES;
				SWIFT_VERSION = 5.0;
			};
			name = Debug;
		};
		F00000B4000 /* Release */ = {
			isa = XCBuildConfiguration;
			buildSettings = {
				ASSETCATALOG_COMPILER_APPICON_NAME = AppIcon;
				ASSETCATALOG_COMPILER_GLOBAL_ACCENT_COLOR_NAME = AccentColor;
				AUTOMATION_APPLE_EVENTS = NO;
				CODE_SIGN_ENTITLEMENTS = Fluency/Fluency.entitlements;
				"CODE_SIGN_IDENTITY[sdk=macosx*]" = "Apple Development";
				CODE_SIGN_STYLE = Automatic;
				COMBINE_HIDPI_IMAGES = YES;
				CURRENT_PROJECT_VERSION = 1;
				DEVELOPMENT_TEAM = KQ837RL7AU;
				ENABLE_HARDENED_RUNTIME = YES;
				ENABLE_RESOURCE_ACCESS_AUDIO_INPUT = NO;
				ENABLE_RESOURCE_ACCESS_CALENDARS = NO;
				ENABLE_RESOURCE_ACCESS_CAMERA = NO;
				ENABLE_RESOURCE_ACCESS_CONTACTS = NO;
				ENABLE_RESOURCE_ACCESS_LOCATION = NO;
				ENABLE_RESOURCE_ACCESS_PHOTO_LIBRARY = NO;
				GENERATE_INFOPLIST_FILE = NO;
				INFOPLIST_FILE = Fluency/Resources/Info.plist;
				INFOPLIST_KEY_LSUIElement = YES;
				INFOPLIST_KEY_NSHumanReadableCopyright = "";
				INFOPLIST_KEY_NSMicrophoneUsageDescription = "Fluency needs microphone access to record your voice for transcription.";
				LD_RUNPATH_SEARCH_PATHS = (
					"$(inherited)",
					"@executable_path/../Frameworks",
				);
				MARKETING_VERSION = 1.0;
				PRODUCT_BUNDLE_IDENTIFIER = com.fluency.app;
				PRODUCT_NAME = "$(TARGET_NAME)";
				RUNTIME_EXCEPTION_ALLOW_DYLD_ENVIRONMENT_VARIABLES = NO;
				RUNTIME_EXCEPTION_ALLOW_JIT = YES;
				RUNTIME_EXCEPTION_ALLOW_UNSIGNED_EXECUTABLE_MEMORY = NO;
				RUNTIME_EXCEPTION_DEBUGGING_TOOL = NO;
				RUNTIME_EXCEPTION_DISABLE_EXECUTABLE_PAGE_PROTECTION = NO;
				RUNTIME_EXCEPTION_DISABLE_LIBRARY_VALIDATION = NO;
				SWIFT_EMIT_LOC_STRINGS = YES;
				SWIFT_VERSION = 5.0;
			};
			name = Release;
		};
		F00000B5000 /* Debug */ = {
			isa = XCBuildConfiguration;
			buildSettings = {
				BUNDLE_LOADER = "$(TEST_HOST)";
				CODE_SIGN_STYLE = Automatic;
				CURRENT_PROJECT_VERSION = 1;
				DEVELOPMENT_TEAM = KQ837RL7AU;
				GENERATE_INFOPLIST_FILE = YES;
				MACOSX_DEPLOYMENT_TARGET = 14.0;
				MARKETING_VERSION = 1.0;
				PRODUCT_BUNDLE_IDENTIFIER = com.fluency.app.FluencyTests;
				PRODUCT_NAME = "$(TARGET_NAME)";
				SWIFT_EMIT_LOC_STRINGS = NO;
				SWIFT_VERSION = 5.0;
				TEST_HOST = "$(BUILT_PRODUCTS_DIR)/Fluency.app/Contents/MacOS/Fluency";
			};
			name = Debug;
		};
		F00000B6000 /* Release */ = {
			isa = XCBuildConfiguration;
			buildSettings = {
				BUNDLE_LOADER = "$(TEST_HOST)";
				CODE_SIGN_STYLE = Automatic;
				CURRENT_PROJECT_VERSION = 1;
				DEVELOPMENT_TEAM = KQ837RL7AU;
				GENERATE_INFOPLIST_FILE = YES;
				MACOSX_DEPLOYMENT_TARGET = 14.0;
				MARKETING_VERSION = 1.0;
				PRODUCT_BUNDLE_IDENTIFIER = com.fluency.app.FluencyTests;
				PRODUCT_NAME = "$(TARGET_NAME)";
				SWIFT_EMIT_LOC_STRINGS = NO;
				SWIFT_VERSION = 5.0;
				TEST_HOST = "$(BUILT_PRODUCTS_DIR)/Fluency.app/Contents/MacOS/Fluency";
			};
			name = Release;
		};
/* End XCBuildConfiguration section */

/* Begin XCConfigurationList section */
		F00000C0000 /* Build configuration list for PBXProject "Fluency" */ = {
			isa = XCConfigurationList;
			buildConfigurations = (
				F00000B1000 /* Debug */,
				F00000B2000 /* Release */,
			);
			defaultConfigurationIsVisible = 0;
			defaultConfigurationName = Release;
		};
		F00000C1000 /* Build configuration list for PBXNativeTarget "Fluency" */ = {
			isa = XCConfigurationList;
			buildConfigurations = (
				F00000B3000 /* Debug */,
				F00000B4000 /* Release */,
			);
			defaultConfigurationIsVisible = 0;
			defaultConfigurationName = Release;
		};
		F00000C2000 /* Build configuration list for PBXNativeTarget "FluencyTests" */ = {
			isa = XCConfigurationList;
			buildConfigurations = (
				F00000B5000 /* Debug */,
				F00000B6000 /* Release */,
			);
			defaultConfigurationIsVisible = 0;
			defaultConfigurationName = Release;
		};
/* End XCConfigurationList section */
	};
	rootObject = F00000P0000 /* Project object */;
}
